
Microsoft Visual Studio Solution File, Format Version 11.00
# Visual Studio 2010
Project("{E24C65DC-7377-472B-9ABA-BC803B73C61A}") = "GridViewCS", "GridViewCS\", "{047CD792-922D-49DD-8B28-BA03E4883735}"
	ProjectSection(WebsiteProperties) = preProject
		TargetFrameworkMoniker = ".NETFramework,Version%3Dv4.0"
		Debug.AspNetCompiler.VirtualPath = "/GridViewCS"
		Debug.AspNetCompiler.PhysicalPath = "GridViewCS\"
		Debug.AspNetCompiler.TargetPath = "PrecompiledWeb\GridViewCS\"
		Debug.AspNetCompiler.Updateable = "true"
		Debug.AspNetCompiler.ForceOverwrite = "true"
		Debug.AspNetCompiler.FixedNames = "false"
		Debug.AspNetCompiler.Debug = "True"
		Release.AspNetCompiler.VirtualPath = "/GridViewCS"
		Release.AspNetCompiler.PhysicalPath = "GridViewCS\"
		Release.AspNetCompiler.TargetPath = "PrecompiledWeb\GridViewCS\"
		Release.AspNetCompiler.Updateable = "true"
		Release.AspNetCompiler.ForceOverwrite = "true"
		Release.AspNetCompiler.FixedNames = "false"
		Release.AspNetCompiler.Debug = "False"
		VWDPort = "31235"
	EndProjectSection
EndProject
Global
	GlobalSection(SolutionConfigurationPlatforms) = preSolution
		Debug|Any CPU = Debug|Any CPU
	EndGlobalSection
	GlobalSection(ProjectConfigurationPlatforms) = postSolution
		{047CD792-922D-49DD-8B28-BA03E4883735}.Debug|Any CPU.ActiveCfg = Debug|Any CPU
		{047CD792-922D-49DD-8B28-BA03E4883735}.Debug|Any CPU.Build.0 = Debug|Any CPU
	EndGlobalSection
	GlobalSection(SolutionProperties) = preSolution
		HideSolutionNode = FALSE
	EndGlobalSection
EndGlobal
